// !$*UTF8*$!
{
	archiveVersion = 1;
	classes = {
	};
	objectVersion = 56;
	objects = {

/* Begin PBXBuildFile section */
		B10000000000000000000001 /* FlashcardsApp.swift in Sources */ = {isa = PBXBuildFile; fileRef = C10000000000000000000001 /* FlashcardsApp.swift */; };
		B10000000000000000000002 /* Theme.swift in Sources */ = {isa = PBXBuildFile; fileRef = C10000000000000000000002 /* Theme.swift */; };
		B10000000000000000000003 /* Folder.swift in Sources */ = {isa = PBXBuildFile; fileRef = C10000000000000000000003 /* Folder.swift */; };
		B10000000000000000000004 /* Deck.swift in Sources */ = {isa = PBXBuildFile; fileRef = C10000000000000000000004 /* Deck.swift */; };
		B10000000000000000000005 /* Card.swift in Sources */ = {isa = PBXBuildFile; fileRef = C10000000000000000000005 /* Card.swift */; };
		B10000000000000000000006 /* HomeView.swift in Sources */ = {isa = PBXBuildFile; fileRef = C10000000000000000000006 /* HomeView.swift */; };
		B10000000000000000000007 /* Assets.xcassets in Resources */ = {isa = PBXBuildFile; fileRef = C10000000000000000000007 /* Assets.xcassets */; };
		B10000000000000000000008 /* DeckRow.swift in Sources */ = {isa = PBXBuildFile; fileRef = C10000000000000000000009 /* DeckRow.swift */; };
		B10000000000000000000009 /* FolderFormView.swift in Sources */ = {isa = PBXBuildFile; fileRef = C1000000000000000000000A /* FolderFormView.swift */; };
		B1000000000000000000000A /* DeckFormView.swift in Sources */ = {isa = PBXBuildFile; fileRef = C1000000000000000000000B /* DeckFormView.swift */; };
		B1000000000000000000000B /* CardFormView.swift in Sources */ = {isa = PBXBuildFile; fileRef = C1000000000000000000000C /* CardFormView.swift */; };
		B1000000000000000000000C /* EditCardsView.swift in Sources */ = {isa = PBXBuildFile; fileRef = C1000000000000000000000D /* EditCardsView.swift */; };
		B1000000000000000000000D /* DeckDetailView.swift in Sources */ = {isa = PBXBuildFile; fileRef = C1000000000000000000000E /* DeckDetailView.swift */; };
		B1000000000000000000000E /* BulkImportParser.swift in Sources */ = {isa = PBXBuildFile; fileRef = C1000000000000000000000F /* BulkImportParser.swift */; };
		B1000000000000000000000F /* BulkImportView.swift in Sources */ = {isa = PBXBuildFile; fileRef = C10000000000000000000010 /* BulkImportView.swift */; };
		B10000000000000000000010 /* StudySessionState.swift in Sources */ = {isa = PBXBuildFile; fileRef = C10000000000000000000011 /* StudySessionState.swift */; };
		B10000000000000000000011 /* StudySetupView.swift in Sources */ = {isa = PBXBuildFile; fileRef = C10000000000000000000012 /* StudySetupView.swift */; };
		B10000000000000000000012 /* StudyView.swift in Sources */ = {isa = PBXBuildFile; fileRef = C10000000000000000000013 /* StudyView.swift */; };
		B10000000000000000000013 /* TestSessionState.swift in Sources */ = {isa = PBXBuildFile; fileRef = C10000000000000000000014 /* TestSessionState.swift */; };
		B10000000000000000000014 /* TestSetupView.swift in Sources */ = {isa = PBXBuildFile; fileRef = C10000000000000000000015 /* TestSetupView.swift */; };
		B10000000000000000000015 /* TestRunView.swift in Sources */ = {isa = PBXBuildFile; fileRef = C10000000000000000000016 /* TestRunView.swift */; };
		B10000000000000000000016 /* BackupModels.swift in Sources */ = {isa = PBXBuildFile; fileRef = C10000000000000000000017 /* BackupModels.swift */; };
		B10000000000000000000017 /* BackupService.swift in Sources */ = {isa = PBXBuildFile; fileRef = C10000000000000000000018 /* BackupService.swift */; };
		B10000000000000000000018 /* BackupView.swift in Sources */ = {isa = PBXBuildFile; fileRef = C10000000000000000000019 /* BackupView.swift */; };
		B10000000000000000000019 /* FolderAppearance.swift in Sources */ = {isa = PBXBuildFile; fileRef = C1000000000000000000001A /* FolderAppearance.swift */; };
		B1000000000000000000001A /* LibraryActions.swift in Sources */ = {isa = PBXBuildFile; fileRef = C1000000000000000000001B /* LibraryActions.swift */; };
		B1000000000000000000001B /* FolderTile.swift in Sources */ = {isa = PBXBuildFile; fileRef = C1000000000000000000001C /* FolderTile.swift */; };
		B1000000000000000000001C /* FolderDetailView.swift in Sources */ = {isa = PBXBuildFile; fileRef = C1000000000000000000001D /* FolderDetailView.swift */; };
		B1000000000000000000001D /* StudyAnimationMetrics.swift in Sources */ = {isa = PBXBuildFile; fileRef = C1000000000000000000001E /* StudyAnimationMetrics.swift */; };
		B1000000000000000000001E /* StudyCardFace.swift in Sources */ = {isa = PBXBuildFile; fileRef = C1000000000000000000001F /* StudyCardFace.swift */; };
		B1000000000000000000001F /* AppPreferences.swift in Sources */ = {isa = PBXBuildFile; fileRef = C10000000000000000000020 /* AppPreferences.swift */; };
		B10000000000000000000020 /* HapticService.swift in Sources */ = {isa = PBXBuildFile; fileRef = C10000000000000000000021 /* HapticService.swift */; };
		B10000000000000000000021 /* TestAnimationMetrics.swift in Sources */ = {isa = PBXBuildFile; fileRef = C10000000000000000000022 /* TestAnimationMetrics.swift */; };
		B10000000000000000000022 /* ConfettiView.swift in Sources */ = {isa = PBXBuildFile; fileRef = C10000000000000000000023 /* ConfettiView.swift */; };
		B10000000000000000000023 /* AppSettings.swift in Sources */ = {isa = PBXBuildFile; fileRef = C10000000000000000000024 /* AppSettings.swift */; };
		B10000000000000000000024 /* SettingsView.swift in Sources */ = {isa = PBXBuildFile; fileRef = C10000000000000000000025 /* SettingsView.swift */; };
		B10000000000000000000025 /* L10n.swift in Sources */ = {isa = PBXBuildFile; fileRef = C10000000000000000000026 /* L10n.swift */; };
		B10000000000000000000026 /* Localizable.xcstrings in Resources */ = {isa = PBXBuildFile; fileRef = C10000000000000000000027 /* Localizable.xcstrings */; };
/* End PBXBuildFile section */

/* Begin PBXFileReference section */
		C10000000000000000000001 /* FlashcardsApp.swift */ = {isa = PBXFileReference; lastKnownFileType = sourcecode.swift; path = FlashcardsApp.swift; sourceTree = "<group>"; };
		C10000000000000000000002 /* Theme.swift */ = {isa = PBXFileReference; lastKnownFileType = sourcecode.swift; path = Theme.swift; sourceTree = "<group>"; };
		C10000000000000000000003 /* Folder.swift */ = {isa = PBXFileReference; lastKnownFileType = sourcecode.swift; path = Folder.swift; sourceTree = "<group>"; };
		C10000000000000000000004 /* Deck.swift */ = {isa = PBXFileReference; lastKnownFileType = sourcecode.swift; path = Deck.swift; sourceTree = "<group>"; };
		C10000000000000000000005 /* Card.swift */ = {isa = PBXFileReference; lastKnownFileType = sourcecode.swift; path = Card.swift; sourceTree = "<group>"; };
		C10000000000000000000006 /* HomeView.swift */ = {isa = PBXFileReference; lastKnownFileType = sourcecode.swift; path = HomeView.swift; sourceTree = "<group>"; };
		C10000000000000000000007 /* Assets.xcassets */ = {isa = PBXFileReference; lastKnownFileType = folder.assetcatalog; path = Assets.xcassets; sourceTree = "<group>"; };
		C10000000000000000000008 /* Flashcards.app */ = {isa = PBXFileReference; explicitFileType = wrapper.application; includeInIndex = 0; path = Flashcards.app; sourceTree = BUILT_PRODUCTS_DIR; };
		C10000000000000000000009 /* DeckRow.swift */ = {isa = PBXFileReference; lastKnownFileType = sourcecode.swift; path = DeckRow.swift; sourceTree = "<group>"; };
		C1000000000000000000000A /* FolderFormView.swift */ = {isa = PBXFileReference; lastKnownFileType = sourcecode.swift; path = FolderFormView.swift; sourceTree = "<group>"; };
		C1000000000000000000000B /* DeckFormView.swift */ = {isa = PBXFileReference; lastKnownFileType = sourcecode.swift; path = DeckFormView.swift; sourceTree = "<group>"; };
		C1000000000000000000000C /* CardFormView.swift */ = {isa = PBXFileReference; lastKnownFileType = sourcecode.swift; path = CardFormView.swift; sourceTree = "<group>"; };
		C1000000000000000000000D /* EditCardsView.swift */ = {isa = PBXFileReference; lastKnownFileType = sourcecode.swift; path = EditCardsView.swift; sourceTree = "<group>"; };
		C1000000000000000000000E /* DeckDetailView.swift */ = {isa = PBXFileReference; lastKnownFileType = sourcecode.swift; path = DeckDetailView.swift; sourceTree = "<group>"; };
		C1000000000000000000000F /* BulkImportParser.swift */ = {isa = PBXFileReference; lastKnownFileType = sourcecode.swift; path = BulkImportParser.swift; sourceTree = "<group>"; };
		C10000000000000000000010 /* BulkImportView.swift */ = {isa = PBXFileReference; lastKnownFileType = sourcecode.swift; path = BulkImportView.swift; sourceTree = "<group>"; };
		C10000000000000000000011 /* StudySessionState.swift */ = {isa = PBXFileReference; lastKnownFileType = sourcecode.swift; path = StudySessionState.swift; sourceTree = "<group>"; };
		C10000000000000000000012 /* StudySetupView.swift */ = {isa = PBXFileReference; lastKnownFileType = sourcecode.swift; path = StudySetupView.swift; sourceTree = "<group>"; };
		C10000000000000000000013 /* StudyView.swift */ = {isa = PBXFileReference; lastKnownFileType = sourcecode.swift; path = StudyView.swift; sourceTree = "<group>"; };
		C10000000000000000000014 /* TestSessionState.swift */ = {isa = PBXFileReference; lastKnownFileType = sourcecode.swift; path = TestSessionState.swift; sourceTree = "<group>"; };
		C10000000000000000000015 /* TestSetupView.swift */ = {isa = PBXFileReference; lastKnownFileType = sourcecode.swift; path = TestSetupView.swift; sourceTree = "<group>"; };
		C10000000000000000000016 /* TestRunView.swift */ = {isa = PBXFileReference; lastKnownFileType = sourcecode.swift; path = TestRunView.swift; sourceTree = "<group>"; };
		C10000000000000000000017 /* BackupModels.swift */ = {isa = PBXFileReference; lastKnownFileType = sourcecode.swift; path = BackupModels.swift; sourceTree = "<group>"; };
		C10000000000000000000018 /* BackupService.swift */ = {isa = PBXFileReference; lastKnownFileType = sourcecode.swift; path = BackupService.swift; sourceTree = "<group>"; };
		C10000000000000000000019 /* BackupView.swift */ = {isa = PBXFileReference; lastKnownFileType = sourcecode.swift; path = BackupView.swift; sourceTree = "<group>"; };
		C1000000000000000000001A /* FolderAppearance.swift */ = {isa = PBXFileReference; lastKnownFileType = sourcecode.swift; path = FolderAppearance.swift; sourceTree = "<group>"; };
		C1000000000000000000001B /* LibraryActions.swift */ = {isa = PBXFileReference; lastKnownFileType = sourcecode.swift; path = LibraryActions.swift; sourceTree = "<group>"; };
		C1000000000000000000001C /* FolderTile.swift */ = {isa = PBXFileReference; lastKnownFileType = sourcecode.swift; path = FolderTile.swift; sourceTree = "<group>"; };
		C1000000000000000000001D /* FolderDetailView.swift */ = {isa = PBXFileReference; lastKnownFileType = sourcecode.swift; path = FolderDetailView.swift; sourceTree = "<group>"; };
		C1000000000000000000001E /* StudyAnimationMetrics.swift */ = {isa = PBXFileReference; lastKnownFileType = sourcecode.swift; path = StudyAnimationMetrics.swift; sourceTree = "<group>"; };
		C1000000000000000000001F /* StudyCardFace.swift */ = {isa = PBXFileReference; lastKnownFileType = sourcecode.swift; path = StudyCardFace.swift; sourceTree = "<group>"; };
		C10000000000000000000020 /* AppPreferences.swift */ = {isa = PBXFileReference; lastKnownFileType = sourcecode.swift; path = AppPreferences.swift; sourceTree = "<group>"; };
		C10000000000000000000021 /* HapticService.swift */ = {isa = PBXFileReference; lastKnownFileType = sourcecode.swift; path = HapticService.swift; sourceTree = "<group>"; };
		C10000000000000000000022 /* TestAnimationMetrics.swift */ = {isa = PBXFileReference; lastKnownFileType = sourcecode.swift; path = TestAnimationMetrics.swift; sourceTree = "<group>"; };
		C10000000000000000000023 /* ConfettiView.swift */ = {isa = PBXFileReference; lastKnownFileType = sourcecode.swift; path = ConfettiView.swift; sourceTree = "<group>"; };
		C10000000000000000000024 /* AppSettings.swift */ = {isa = PBXFileReference; lastKnownFileType = sourcecode.swift; path = AppSettings.swift; sourceTree = "<group>"; };
		C10000000000000000000025 /* SettingsView.swift */ = {isa = PBXFileReference; lastKnownFileType = sourcecode.swift; path = SettingsView.swift; sourceTree = "<group>"; };
		C10000000000000000000026 /* L10n.swift */ = {isa = PBXFileReference; lastKnownFileType = sourcecode.swift; path = L10n.swift; sourceTree = "<group>"; };
		C10000000000000000000027 /* Localizable.xcstrings */ = {isa = PBXFileReference; lastKnownFileType = text.json.xcstrings; path = Localizable.xcstrings; sourceTree = "<group>"; };
/* End PBXFileReference section */

/* Begin PBXFrameworksBuildPhase section */
		D10000000000000000000001 /* Frameworks */ = {
			isa = PBXFrameworksBuildPhase;
			buildActionMask = 2147483647;
			files = (
			);
			runOnlyForDeploymentPostprocessing = 0;
		};
/* End PBXFrameworksBuildPhase section */

/* Begin PBXGroup section */
		E10000000000000000000001 = {
			isa = PBXGroup;
			children = (
				E10000000000000000000002 /* Flashcards */,
				E10000000000000000000006 /* Products */,
			);
			sourceTree = "<group>";
		};
		E10000000000000000000002 /* Flashcards */ = {
			isa = PBXGroup;
			children = (
				C10000000000000000000001 /* FlashcardsApp.swift */,
				C10000000000000000000020 /* AppPreferences.swift */,
				C10000000000000000000024 /* AppSettings.swift */,
				C10000000000000000000026 /* L10n.swift */,
				C10000000000000000000002 /* Theme.swift */,
				C1000000000000000000001A /* FolderAppearance.swift */,
				C1000000000000000000001E /* StudyAnimationMetrics.swift */,
				C10000000000000000000022 /* TestAnimationMetrics.swift */,
				E10000000000000000000003 /* Models */,
				E10000000000000000000007 /* Services */,
				E10000000000000000000004 /* Views */,
				C10000000000000000000007 /* Assets.xcassets */,
				C10000000000000000000027 /* Localizable.xcstrings */,
			);
			path = Flashcards;
			sourceTree = "<group>";
		};
		E10000000000000000000003 /* Models */ = {
			isa = PBXGroup;
			children = (
				C10000000000000000000003 /* Folder.swift */,
				C10000000000000000000004 /* Deck.swift */,
				C10000000000000000000005 /* Card.swift */,
			);
			path = Models;
			sourceTree = "<group>";
		};
		E10000000000000000000004 /* Views */ = {
			isa = PBXGroup;
			children = (
				C10000000000000000000006 /* HomeView.swift */,
				E10000000000000000000005 /* Library */,
				E10000000000000000000008 /* Import */,
				E10000000000000000000009 /* Study */,
				E1000000000000000000000A /* Test */,
				E1000000000000000000000B /* Backup */,
				E1000000000000000000000C /* Celebration */,
				E1000000000000000000000D /* Settings */,
			);
			path = Views;
			sourceTree = "<group>";
		};
		E10000000000000000000005 /* Library */ = {
			isa = PBXGroup;
			children = (
				C10000000000000000000009 /* DeckRow.swift */,
				C1000000000000000000001C /* FolderTile.swift */,
				C1000000000000000000001D /* FolderDetailView.swift */,
				C1000000000000000000000A /* FolderFormView.swift */,
				C1000000000000000000000B /* DeckFormView.swift */,
				C1000000000000000000000C /* CardFormView.swift */,
				C1000000000000000000000D /* EditCardsView.swift */,
				C1000000000000000000000E /* DeckDetailView.swift */,
			);
			path = Library;
			sourceTree = "<group>";
		};
		E10000000000000000000007 /* Services */ = {
			isa = PBXGroup;
			children = (
				C1000000000000000000001B /* LibraryActions.swift */,
				C10000000000000000000021 /* HapticService.swift */,
				C1000000000000000000000F /* BulkImportParser.swift */,
				C10000000000000000000011 /* StudySessionState.swift */,
				C10000000000000000000014 /* TestSessionState.swift */,
				C10000000000000000000017 /* BackupModels.swift */,
				C10000000000000000000018 /* BackupService.swift */,
			);
			path = Services;
			sourceTree = "<group>";
		};
		E10000000000000000000008 /* Import */ = {
			isa = PBXGroup;
			children = (
				C10000000000000000000010 /* BulkImportView.swift */,
			);
			path = Import;
			sourceTree = "<group>";
		};
		E10000000000000000000009 /* Study */ = {
			isa = PBXGroup;
			children = (
				C10000000000000000000012 /* StudySetupView.swift */,
				C1000000000000000000001F /* StudyCardFace.swift */,
				C10000000000000000000013 /* StudyView.swift */,
			);
			path = Study;
			sourceTree = "<group>";
		};
		E1000000000000000000000A /* Test */ = {
			isa = PBXGroup;
			children = (
				C10000000000000000000015 /* TestSetupView.swift */,
				C10000000000000000000016 /* TestRunView.swift */,
			);
			path = Test;
			sourceTree = "<group>";
		};
		E1000000000000000000000B /* Backup */ = {
			isa = PBXGroup;
			children = (
				C10000000000000000000019 /* BackupView.swift */,
			);
			path = Backup;
			sourceTree = "<group>";
		};
		E1000000000000000000000C /* Celebration */ = {
			isa = PBXGroup;
			children = (
				C10000000000000000000023 /* ConfettiView.swift */,
			);
			path = Celebration;
			sourceTree = "<group>";
		};
		E1000000000000000000000D /* Settings */ = {
			isa = PBXGroup;
			children = (
				C10000000000000000000025 /* SettingsView.swift */,
			);
			path = Settings;
			sourceTree = "<group>";
		};
		E10000000000000000000006 /* Products */ = {
			isa = PBXGroup;
			children = (
				C10000000000000000000008 /* Flashcards.app */,
			);
			name = Products;
			sourceTree = "<group>";
		};
/* End PBXGroup section */

/* Begin PBXNativeTarget section */
		A10000000000000000000001 /* Flashcards */ = {
			isa = PBXNativeTarget;
			buildConfigurationList = F10000000000000000000002 /* Build configuration list for PBXNativeTarget "Flashcards" */;
			buildPhases = (
				D10000000000000000000002 /* Sources */,
				D10000000000000000000001 /* Frameworks */,
				D10000000000000000000003 /* Resources */,
			);
			buildRules = (
			);
			dependencies = (
			);
			name = Flashcards;
			productName = Flashcards;
			productReference = C10000000000000000000008 /* Flashcards.app */;
			productType = "com.apple.product-type.application";
		};
/* End PBXNativeTarget section */

/* Begin PBXProject section */
		A10000000000000000000002 /* Project object */ = {
			isa = PBXProject;
			attributes = {
				BuildIndependentTargetsInParallel = 1;
				LastSwiftUpdateCheck = 2700;
				LastUpgradeCheck = 2700;
				TargetAttributes = {
					A10000000000000000000001 = {
						CreatedOnToolsVersion = 27.0;
					};
				};
			};
			buildConfigurationList = F10000000000000000000001 /* Build configuration list for PBXProject "Flashcards" */;
			compatibilityVersion = "Xcode 14.0";
			developmentRegion = fr;
			hasScannedForEncodings = 0;
			knownRegions = (
				fr,
				en,
				Base,
			);
			mainGroup = E10000000000000000000001;
			productRefGroup = E10000000000000000000006 /* Products */;
			projectDirPath = "";
			projectRoot = "";
			targets = (
				A10000000000000000000001 /* Flashcards */,
			);
		};
/* End PBXProject section */

/* Begin PBXResourcesBuildPhase section */
		D10000000000000000000003 /* Resources */ = {
			isa = PBXResourcesBuildPhase;
			buildActionMask = 2147483647;
			files = (
				B10000000000000000000007 /* Assets.xcassets in Resources */,
				B10000000000000000000026 /* Localizable.xcstrings in Resources */,
			);
			runOnlyForDeploymentPostprocessing = 0;
		};
/* End PBXResourcesBuildPhase section */

/* Begin PBXSourcesBuildPhase section */
		D10000000000000000000002 /* Sources */ = {
			isa = PBXSourcesBuildPhase;
			buildActionMask = 2147483647;
			files = (
				B10000000000000000000001 /* FlashcardsApp.swift in Sources */,
				B10000000000000000000002 /* Theme.swift in Sources */,
				B10000000000000000000003 /* Folder.swift in Sources */,
				B10000000000000000000004 /* Deck.swift in Sources */,
				B10000000000000000000005 /* Card.swift in Sources */,
				B10000000000000000000006 /* HomeView.swift in Sources */,
				B10000000000000000000008 /* DeckRow.swift in Sources */,
				B10000000000000000000009 /* FolderFormView.swift in Sources */,
				B1000000000000000000000A /* DeckFormView.swift in Sources */,
				B1000000000000000000000B /* CardFormView.swift in Sources */,
				B1000000000000000000000C /* EditCardsView.swift in Sources */,
				B1000000000000000000000D /* DeckDetailView.swift in Sources */,
				B1000000000000000000000E /* BulkImportParser.swift in Sources */,
				B1000000000000000000000F /* BulkImportView.swift in Sources */,
				B10000000000000000000010 /* StudySessionState.swift in Sources */,
				B10000000000000000000011 /* StudySetupView.swift in Sources */,
				B10000000000000000000012 /* StudyView.swift in Sources */,
				B10000000000000000000013 /* TestSessionState.swift in Sources */,
				B10000000000000000000014 /* TestSetupView.swift in Sources */,
				B10000000000000000000015 /* TestRunView.swift in Sources */,
				B10000000000000000000016 /* BackupModels.swift in Sources */,
				B10000000000000000000017 /* BackupService.swift in Sources */,
				B10000000000000000000018 /* BackupView.swift in Sources */,
				B10000000000000000000019 /* FolderAppearance.swift in Sources */,
				B1000000000000000000001A /* LibraryActions.swift in Sources */,
				B1000000000000000000001B /* FolderTile.swift in Sources */,
				B1000000000000000000001C /* FolderDetailView.swift in Sources */,
				B1000000000000000000001D /* StudyAnimationMetrics.swift in Sources */,
				B1000000000000000000001E /* StudyCardFace.swift in Sources */,
				B1000000000000000000001F /* AppPreferences.swift in Sources */,
				B10000000000000000000020 /* HapticService.swift in Sources */,
				B10000000000000000000021 /* TestAnimationMetrics.swift in Sources */,
				B10000000000000000000022 /* ConfettiView.swift in Sources */,
				B10000000000000000000023 /* AppSettings.swift in Sources */,
				B10000000000000000000024 /* SettingsView.swift in Sources */,
				B10000000000000000000025 /* L10n.swift in Sources */,
			);
			runOnlyForDeploymentPostprocessing = 0;
		};
/* End PBXSourcesBuildPhase section */

/* Begin XCBuildConfiguration section */
		F10000000000000000000003 /* Debug */ = {
			isa = XCBuildConfiguration;
			buildSettings = {
				ALWAYS_SEARCH_USER_PATHS = NO;
				CLANG_ANALYZER_NONNULL = YES;
				CLANG_ENABLE_MODULES = YES;
				CLANG_ENABLE_OBJC_ARC = YES;
				CLANG_WARN_DOCUMENTATION_COMMENTS = YES;
				CLANG_WARN_QUOTED_INCLUDE_IN_FRAMEWORK_HEADER = YES;
				COPY_PHASE_STRIP = NO;
				DEBUG_INFORMATION_FORMAT = dwarf;
				ENABLE_TESTABILITY = YES;
				GCC_C_LANGUAGE_STANDARD = gnu17;
				GCC_OPTIMIZATION_LEVEL = 0;
				ONLY_ACTIVE_ARCH = YES;
				SWIFT_ACTIVE_COMPILATION_CONDITIONS = "DEBUG $(inherited)";
				SWIFT_OPTIMIZATION_LEVEL = "-Onone";
			};
			name = Debug;
		};
		F10000000000000000000004 /* Release */ = {
			isa = XCBuildConfiguration;
			buildSettings = {
				ALWAYS_SEARCH_USER_PATHS = NO;
				CLANG_ANALYZER_NONNULL = YES;
				CLANG_ENABLE_MODULES = YES;
				CLANG_ENABLE_OBJC_ARC = YES;
				CLANG_WARN_DOCUMENTATION_COMMENTS = YES;
				CLANG_WARN_QUOTED_INCLUDE_IN_FRAMEWORK_HEADER = YES;
				COPY_PHASE_STRIP = YES;
				DEBUG_INFORMATION_FORMAT = "dwarf-with-dsym";
				GCC_C_LANGUAGE_STANDARD = gnu17;
				SWIFT_COMPILATION_MODE = wholemodule;
			};
			name = Release;
		};
		F10000000000000000000005 /* Debug */ = {
			isa = XCBuildConfiguration;
			buildSettings = {
				ASSETCATALOG_COMPILER_APPICON_NAME = AppIcon;
				ASSETCATALOG_COMPILER_GLOBAL_ACCENT_COLOR_NAME = AccentColor;
				CODE_SIGN_STYLE = Automatic;
				CURRENT_PROJECT_VERSION = 1;
				GENERATE_INFOPLIST_FILE = YES;
				INFOPLIST_KEY_CFBundleDisplayName = Flashcards;
				INFOPLIST_KEY_LSApplicationCategoryType = "public.app-category.education";
				INFOPLIST_KEY_UIApplicationSceneManifest_Generation = YES;
				INFOPLIST_KEY_UIApplicationSupportsIndirectInputEvents = YES;
				INFOPLIST_KEY_UILaunchScreen_Generation = YES;
				INFOPLIST_KEY_UIUserInterfaceStyle = Dark;
				IPHONEOS_DEPLOYMENT_TARGET = 27.0;
				MARKETING_VERSION = 1.1;
				PRODUCT_BUNDLE_IDENTIFIER = com.raton.flashcards;
				PRODUCT_NAME = "$(TARGET_NAME)";
				SDKROOT = iphoneos;
				SUPPORTED_PLATFORMS = "iphoneos iphonesimulator";
				SUPPORTS_MACCATALYST = NO;
				SWIFT_EMIT_LOC_STRINGS = YES;
				SWIFT_STRICT_CONCURRENCY = complete;
				SWIFT_VERSION = 6.0;
				TARGETED_DEVICE_FAMILY = 1;
			};
			name = Debug;
		};
		F10000000000000000000006 /* Release */ = {
			isa = XCBuildConfiguration;
			buildSettings = {
				ASSETCATALOG_COMPILER_APPICON_NAME = AppIcon;
				ASSETCATALOG_COMPILER_GLOBAL_ACCENT_COLOR_NAME = AccentColor;
				CODE_SIGN_STYLE = Automatic;
				CURRENT_PROJECT_VERSION = 1;
				GENERATE_INFOPLIST_FILE = YES;
				INFOPLIST_KEY_CFBundleDisplayName = Flashcards;
				INFOPLIST_KEY_LSApplicationCategoryType = "public.app-category.education";
				INFOPLIST_KEY_UIApplicationSceneManifest_Generation = YES;
				INFOPLIST_KEY_UIApplicationSupportsIndirectInputEvents = YES;
				INFOPLIST_KEY_UILaunchScreen_Generation = YES;
				INFOPLIST_KEY_UIUserInterfaceStyle = Dark;
				IPHONEOS_DEPLOYMENT_TARGET = 27.0;
				MARKETING_VERSION = 1.1;
				PRODUCT_BUNDLE_IDENTIFIER = com.raton.flashcards;
				PRODUCT_NAME = "$(TARGET_NAME)";
				SDKROOT = iphoneos;
				SUPPORTED_PLATFORMS = "iphoneos iphonesimulator";
				SUPPORTS_MACCATALYST = NO;
				SWIFT_EMIT_LOC_STRINGS = YES;
				SWIFT_STRICT_CONCURRENCY = complete;
				SWIFT_VERSION = 6.0;
				TARGETED_DEVICE_FAMILY = 1;
			};
			name = Release;
		};
/* End XCBuildConfiguration section */

/* Begin XCConfigurationList section */
		F10000000000000000000001 /* Build configuration list for PBXProject "Flashcards" */ = {
			isa = XCConfigurationList;
			buildConfigurations = (
				F10000000000000000000003 /* Debug */,
				F10000000000000000000004 /* Release */,
			);
			defaultConfigurationIsVisible = 0;
			defaultConfigurationName = Release;
		};
		F10000000000000000000002 /* Build configuration list for PBXNativeTarget "Flashcards" */ = {
			isa = XCConfigurationList;
			buildConfigurations = (
				F10000000000000000000005 /* Debug */,
				F10000000000000000000006 /* Release */,
			);
			defaultConfigurationIsVisible = 0;
			defaultConfigurationName = Release;
		};
/* End XCConfigurationList section */
	};
	rootObject = A10000000000000000000002 /* Project object */;
}
